
Microsoft Visual Studio Solution File, Format Version 12.00
# Visual Studio Version 16
VisualStudioVersion = 16.0.33027.164
MinimumVisualStudioVersion = 10.0.40219.1
Project("{FAE04EC0-301F-11D3-BF4B-00C04F79EFBC}") = "pruebaslogin", "pruebaslogin.csproj", "{74AFBA80-7609-4706-83FE-C02A6A8AED0A}"
EndProject
Global
	GlobalSection(SolutionConfigurationPlatforms) = preSolution
		Debug|Any CPU = Debug|Any CPU
		Release|Any CPU = Release|Any CPU
	EndGlobalSection
	GlobalSection(ProjectConfigurationPlatforms) = postSolution
		{74AFBA80-7609-4706-83FE-C02A6A8AED0A}.Debug|Any CPU.ActiveCfg = Debug|Any CPU
		{74AFBA80-7609-4706-83FE-C02A6A8AED0A}.Debug|Any CPU.Build.0 = Debug|Any CPU
		{74AFBA80-7609-4706-83FE-C02A6A8AED0A}.Release|Any CPU.ActiveCfg = Release|Any CPU
		{74AFBA80-7609-4706-83FE-C02A6A8AED0A}.Release|Any CPU.Build.0 = Release|Any CPU
	EndGlobalSection
	GlobalSection(SolutionProperties) = preSolution
		HideSolutionNode = FALSE
	EndGlobalSection
	GlobalSection(ExtensibilityGlobals) = postSolution
		SolutionGuid = {B85DF78C-D5E9-4231-A94D-B92E615369B0}
	EndGlobalSection
EndGlobal
